# This file was autogenerated by Stack.
# You should not edit this file by hand.
# For more information, please see the documentation at:
#   https://docs.haskellstack.org/en/stable/lock_files

packages:
- completed:
    hackage: IntGraph-0.1.1.0@sha256:b24d3e01a0eac749fd69186a5dcc74767914d0968f27d1948f614d79dd18b129,1522
    pantry-tree:
      size: 668
      sha256: d5240e662298bd8eb910147d70797da2b3394c85e6b1e5480b5e2fbd0862916a
  original:
    hackage: IntGraph-0.1.1.0@sha256:b24d3e01a0eac749fd69186a5dcc74767914d0968f27d1948f614d79dd18b129,1522
snapshots:
- completed:
    size: 523700
    url: https://raw.githubusercontent.com/commercialhaskell/stackage-snapshots/master/lts/14/7.yaml
    sha256: 8e3f3c894be74d71fa4bf085e0a8baae7e4d7622d07ea31a52736b80f8b9bb1a
  original: lts-14.7
